
Microsoft Visual Studio Solution File, Format Version 12.00
# Visual Studio Version 16
VisualStudioVersion = 16.0.29728.190
MinimumVisualStudioVersion = 10.0.40219.1
Project("{FAE04EC0-301F-11D3-BF4B-00C04F79EFBC}") = "Globalmantics-Sqs-WebApi", "Globalmantics-Sqs-WebApi\Globalmantics-Sqs-WebApi.csproj", "{4A1BCD5D-3DD1-4820-85EC-0D04F39CAFDA}"
EndProject
Global
	GlobalSection(SolutionConfigurationPlatforms) = preSolution
		Debug|Any CPU = Debug|Any CPU
		Release|Any CPU = Release|Any CPU
	EndGlobalSection
	GlobalSection(ProjectConfigurationPlatforms) = postSolution
		{4A1BCD5D-3DD1-4820-85EC-0D04F39CAFDA}.Debug|Any CPU.ActiveCfg = Debug|Any CPU
		{4A1BCD5D-3DD1-4820-85EC-0D04F39CAFDA}.Debug|Any CPU.Build.0 = Debug|Any CPU
		{4A1BCD5D-3DD1-4820-85EC-0D04F39CAFDA}.Release|Any CPU.ActiveCfg = Release|Any CPU
		{4A1BCD5D-3DD1-4820-85EC-0D04F39CAFDA}.Release|Any CPU.Build.0 = Release|Any CPU
	EndGlobalSection
	GlobalSection(SolutionProperties) = preSolution
		HideSolutionNode = FALSE
	EndGlobalSection
	GlobalSection(ExtensibilityGlobals) = postSolution
		SolutionGuid = {4B11DB13-5E31-4930-9EC7-C99C0ADB3B0B}
	EndGlobalSection
EndGlobal
